// !$*UTF8*$!
{
	archiveVersion = 1;
	classes = {
	};
	objectVersion = 50;
	objects = {

/* Begin PBXBuildFile section */
		3AB4DB04231B066D0090D6BF /* AppDelegate.m in Sources */ = {isa = PBXBuildFile; fileRef = 3AB4DB03231B066D0090D6BF /* AppDelegate.m */; };
		3AB4DB07231B066D0090D6BF /* ViewController.m in Sources */ = {isa = PBXBuildFile; fileRef = 3AB4DB06231B066D0090D6BF /* ViewController.m */; };
		3AB4DB0A231B066D0090D6BF /* Main.storyboard in Resources */ = {isa = PBXBuildFile; fileRef = 3AB4DB08231B066D0090D6BF /* Main.storyboard */; };
		3AB4DB0C231B066E0090D6BF /* Assets.xcassets in Resources */ = {isa = PBXBuildFile; fileRef = 3AB4DB0B231B066E0090D6BF /* Assets.xcassets */; };
		3AB4DB0F231B066E0090D6BF /* LaunchScreen.storyboard in Resources */ = {isa = PBXBuildFile; fileRef = 3AB4DB0D231B066E0090D6BF /* LaunchScreen.storyboard */; };
		3AB4DB12231B066E0090D6BF /* main.m in Sources */ = {isa = PBXBuildFile; fileRef = 3AB4DB11231B066E0090D6BF /* main.m */; };
		3AB4DB27231B0D3C0090D6BF /* CFNetwork.framework in Frameworks */ = {isa = PBXBuildFile; fileRef = 3AB4DB1C231B0D3B0090D6BF /* CFNetwork.framework */; };
		3AB4DB29231B0D3C0090D6BF /* CoreBluetooth.framework in Frameworks */ = {isa = PBXBuildFile; fileRef = 3AB4DB1E231B0D3B0090D6BF /* CoreBluetooth.framework */; };
		3AB4DB2A231B0D3C0090D6BF /* AudioToolbox.framework in Frameworks */ = {isa = PBXBuildFile; fileRef = 3AB4DB1F231B0D3B0090D6BF /* AudioToolbox.framework */; };
		3AB4DB2B231B0D3C0090D6BF /* AVFoundation.framework in Frameworks */ = {isa = PBXBuildFile; fileRef = 3AB4DB20231B0D3C0090D6BF /* AVFoundation.framework */; };
		3AB4DB2C231B0D3C0090D6BF /* CoreAudio.framework in Frameworks */ = {isa = PBXBuildFile; fileRef = 3AB4DB21231B0D3C0090D6BF /* CoreAudio.framework */; };
		3AB4DB2D231B0D3C0090D6BF /* CoreFoundation.framework in Frameworks */ = {isa = PBXBuildFile; fileRef = 3AB4DB22231B0D3C0090D6BF /* CoreFoundation.framework */; };
		3AB4DB2E231B0D3C0090D6BF /* Foundation.framework in Frameworks */ = {isa = PBXBuildFile; fileRef = 3AB4DB23231B0D3C0090D6BF /* Foundation.framework */; };
		3AB4DB2F231B0D3C0090D6BF /* AVKit.framework in Frameworks */ = {isa = PBXBuildFile; fileRef = 3AB4DB24231B0D3C0090D6BF /* AVKit.framework */; };
		3AB4DB30231B0D3C0090D6BF /* UIKit.framework in Frameworks */ = {isa = PBXBuildFile; fileRef = 3AB4DB25231B0D3C0090D6BF /* UIKit.framework */; };
		3AB4DB33231B0D760090D6BF /* SoundTest.m in Sources */ = {isa = PBXBuildFile; fileRef = 3AB4DB32231B0D760090D6BF /* SoundTest.m */; };
		3AB4DB36231B0D830090D6BF /* MicTest.m in Sources */ = {isa = PBXBuildFile; fileRef = 3AB4DB35231B0D830090D6BF /* MicTest.m */; };
		3AB4DB39231B0D930090D6BF /* Test.m in Sources */ = {isa = PBXBuildFile; fileRef = 3AB4DB38231B0D930090D6BF /* Test.m */; };
		3AB4DB3B231B1C1E0090D6BF /* sound.wav in Resources */ = {isa = PBXBuildFile; fileRef = 3AB4DB3A231B1C1E0090D6BF /* sound.wav */; };
/* End PBXBuildFile section */

/* Begin PBXFileReference section */
		3AB4DAFF231B066D0090D6BF /* frames sandbox.app */ = {isa = PBXFileReference; explicitFileType = wrapper.application; includeInIndex = 0; path = "frames sandbox.app"; sourceTree = BUILT_PRODUCTS_DIR; };
		3AB4DB02231B066D0090D6BF /* AppDelegate.h */ = {isa = PBXFileReference; lastKnownFileType = sourcecode.c.h; path = AppDelegate.h; sourceTree = "<group>"; };
		3AB4DB03231B066D0090D6BF /* AppDelegate.m */ = {isa = PBXFileReference; lastKnownFileType = sourcecode.c.objc; path = AppDelegate.m; sourceTree = "<group>"; };
		3AB4DB05231B066D0090D6BF /* ViewController.h */ = {isa = PBXFileReference; lastKnownFileType = sourcecode.c.h; path = ViewController.h; sourceTree = "<group>"; };
		3AB4DB06231B066D0090D6BF /* ViewController.m */ = {isa = PBXFileReference; lastKnownFileType = sourcecode.c.objc; path = ViewController.m; sourceTree = "<group>"; };
		3AB4DB09231B066D0090D6BF /* Base */ = {isa = PBXFileReference; lastKnownFileType = file.storyboard; name = Base; path = Base.lproj/Main.storyboard; sourceTree = "<group>"; };
		3AB4DB0B231B066E0090D6BF /* Assets.xcassets */ = {isa = PBXFileReference; lastKnownFileType = folder.assetcatalog; path = Assets.xcassets; sourceTree = "<group>"; };
		3AB4DB0E231B066E0090D6BF /* Base */ = {isa = PBXFileReference; lastKnownFileType = file.storyboard; name = Base; path = Base.lproj/LaunchScreen.storyboard; sourceTree = "<group>"; };
		3AB4DB10231B066E0090D6BF /* Info.plist */ = {isa = PBXFileReference; lastKnownFileType = text.plist.xml; path = Info.plist; sourceTree = "<group>"; };
		3AB4DB11231B066E0090D6BF /* main.m */ = {isa = PBXFileReference; lastKnownFileType = sourcecode.c.objc; path = main.m; sourceTree = "<group>"; };
		3AB4DB1B231B0D3B0090D6BF /* CoreAudioKit.framework */ = {isa = PBXFileReference; lastKnownFileType = wrapper.framework; name = CoreAudioKit.framework; path = System/Library/Frameworks/CoreAudioKit.framework; sourceTree = SDKROOT; };
		3AB4DB1C231B0D3B0090D6BF /* CFNetwork.framework */ = {isa = PBXFileReference; lastKnownFileType = wrapper.framework; name = CFNetwork.framework; path = System/Library/Frameworks/CFNetwork.framework; sourceTree = SDKROOT; };
		3AB4DB1D231B0D3B0090D6BF /* AudioUnit.framework */ = {isa = PBXFileReference; lastKnownFileType = wrapper.framework; name = AudioUnit.framework; path = System/Library/Frameworks/AudioUnit.framework; sourceTree = SDKROOT; };
		3AB4DB1E231B0D3B0090D6BF /* CoreBluetooth.framework */ = {isa = PBXFileReference; lastKnownFileType = wrapper.framework; name = CoreBluetooth.framework; path = System/Library/Frameworks/CoreBluetooth.framework; sourceTree = SDKROOT; };
		3AB4DB1F231B0D3B0090D6BF /* AudioToolbox.framework */ = {isa = PBXFileReference; lastKnownFileType = wrapper.framework; name = AudioToolbox.framework; path = System/Library/Frameworks/AudioToolbox.framework; sourceTree = SDKROOT; };
		3AB4DB20231B0D3C0090D6BF /* AVFoundation.framework */ = {isa = PBXFileReference; lastKnownFileType = wrapper.framework; name = AVFoundation.framework; path = System/Library/Frameworks/AVFoundation.framework; sourceTree = SDKROOT; };
		3AB4DB21231B0D3C0090D6BF /* CoreAudio.framework */ = {isa = PBXFileReference; lastKnownFileType = wrapper.framework; name = CoreAudio.framework; path = System/Library/Frameworks/CoreAudio.framework; sourceTree = SDKROOT; };
		3AB4DB22231B0D3C0090D6BF /* CoreFoundation.framework */ = {isa = PBXFileReference; lastKnownFileType = wrapper.framework; name = CoreFoundation.framework; path = System/Library/Frameworks/CoreFoundation.framework; sourceTree = SDKROOT; };
		3AB4DB23231B0D3C0090D6BF /* Foundation.framework */ = {isa = PBXFileReference; lastKnownFileType = wrapper.framework; name = Foundation.framework; path = System/Library/Frameworks/Foundation.framework; sourceTree = SDKROOT; };
		3AB4DB24231B0D3C0090D6BF /* AVKit.framework */ = {isa = PBXFileReference; lastKnownFileType = wrapper.framework; name = AVKit.framework; path = System/Library/Frameworks/AVKit.framework; sourceTree = SDKROOT; };
		3AB4DB25231B0D3C0090D6BF /* UIKit.framework */ = {isa = PBXFileReference; lastKnownFileType = wrapper.framework; name = UIKit.framework; path = System/Library/Frameworks/UIKit.framework; sourceTree = SDKROOT; };
		3AB4DB31231B0D760090D6BF /* SoundTest.h */ = {isa = PBXFileReference; lastKnownFileType = sourcecode.c.h; path = SoundTest.h; sourceTree = "<group>"; };
		3AB4DB32231B0D760090D6BF /* SoundTest.m */ = {isa = PBXFileReference; lastKnownFileType = sourcecode.c.objc; path = SoundTest.m; sourceTree = "<group>"; };
		3AB4DB34231B0D830090D6BF /* MicTest.h */ = {isa = PBXFileReference; lastKnownFileType = sourcecode.c.h; path = MicTest.h; sourceTree = "<group>"; };
		3AB4DB35231B0D830090D6BF /* MicTest.m */ = {isa = PBXFileReference; lastKnownFileType = sourcecode.c.objc; path = MicTest.m; sourceTree = "<group>"; };
		3AB4DB37231B0D930090D6BF /* Test.h */ = {isa = PBXFileReference; lastKnownFileType = sourcecode.c.h; path = Test.h; sourceTree = "<group>"; };
		3AB4DB38231B0D930090D6BF /* Test.m */ = {isa = PBXFileReference; lastKnownFileType = sourcecode.c.objc; path = Test.m; sourceTree = "<group>"; };
		3AB4DB3A231B1C1E0090D6BF /* sound.wav */ = {isa = PBXFileReference; lastKnownFileType = audio.wav; path = sound.wav; sourceTree = "<group>"; };
/* End PBXFileReference section */

/* Begin PBXFrameworksBuildPhase section */
		3AB4DAFC231B066D0090D6BF /* Frameworks */ = {
			isa = PBXFrameworksBuildPhase;
			buildActionMask = 2147483647;
			files = (
				3AB4DB2A231B0D3C0090D6BF /* AudioToolbox.framework in Frameworks */,
				3AB4DB27231B0D3C0090D6BF /* CFNetwork.framework in Frameworks */,
				3AB4DB29231B0D3C0090D6BF /* CoreBluetooth.framework in Frameworks */,
				3AB4DB2B231B0D3C0090D6BF /* AVFoundation.framework in Frameworks */,
				3AB4DB2C231B0D3C0090D6BF /* CoreAudio.framework in Frameworks */,
				3AB4DB2D231B0D3C0090D6BF /* CoreFoundation.framework in Frameworks */,
				3AB4DB2E231B0D3C0090D6BF /* Foundation.framework in Frameworks */,
				3AB4DB2F231B0D3C0090D6BF /* AVKit.framework in Frameworks */,
				3AB4DB30231B0D3C0090D6BF /* UIKit.framework in Frameworks */,
			);
			runOnlyForDeploymentPostprocessing = 0;
		};
/* End PBXFrameworksBuildPhase section */

/* Begin PBXGroup section */
		3AB4DAF6231B066D0090D6BF = {
			isa = PBXGroup;
			children = (
				3AB4DB01231B066D0090D6BF /* frames sandbox */,
				3AB4DB00231B066D0090D6BF /* Products */,
				3AB4DB1A231B0D3B0090D6BF /* Frameworks */,
			);
			sourceTree = "<group>";
		};
		3AB4DB00231B066D0090D6BF /* Products */ = {
			isa = PBXGroup;
			children = (
				3AB4DAFF231B066D0090D6BF /* frames sandbox.app */,
			);
			name = Products;
			sourceTree = "<group>";
		};
		3AB4DB01231B066D0090D6BF /* frames sandbox */ = {
			isa = PBXGroup;
			children = (
				3AB4DB3A231B1C1E0090D6BF /* sound.wav */,
				3AB4DB19231B09350090D6BF /* Bluetooth */,
				3AB4DB18231B090D0090D6BF /* Controllers */,
				3AB4DB02231B066D0090D6BF /* AppDelegate.h */,
				3AB4DB03231B066D0090D6BF /* AppDelegate.m */,
				3AB4DB08231B066D0090D6BF /* Main.storyboard */,
				3AB4DB0B231B066E0090D6BF /* Assets.xcassets */,
				3AB4DB0D231B066E0090D6BF /* LaunchScreen.storyboard */,
				3AB4DB10231B066E0090D6BF /* Info.plist */,
				3AB4DB11231B066E0090D6BF /* main.m */,
			);
			path = "frames sandbox";
			sourceTree = "<group>";
		};
		3AB4DB18231B090D0090D6BF /* Controllers */ = {
			isa = PBXGroup;
			children = (
				3AB4DB05231B066D0090D6BF /* ViewController.h */,
				3AB4DB06231B066D0090D6BF /* ViewController.m */,
			);
			path = Controllers;
			sourceTree = "<group>";
		};
		3AB4DB19231B09350090D6BF /* Bluetooth */ = {
			isa = PBXGroup;
			children = (
				3AB4DB31231B0D760090D6BF /* SoundTest.h */,
				3AB4DB32231B0D760090D6BF /* SoundTest.m */,
				3AB4DB34231B0D830090D6BF /* MicTest.h */,
				3AB4DB35231B0D830090D6BF /* MicTest.m */,
				3AB4DB37231B0D930090D6BF /* Test.h */,
				3AB4DB38231B0D930090D6BF /* Test.m */,
			);
			path = Bluetooth;
			sourceTree = "<group>";
		};
		3AB4DB1A231B0D3B0090D6BF /* Frameworks */ = {
			isa = PBXGroup;
			children = (
				3AB4DB1F231B0D3B0090D6BF /* AudioToolbox.framework */,
				3AB4DB1D231B0D3B0090D6BF /* AudioUnit.framework */,
				3AB4DB20231B0D3C0090D6BF /* AVFoundation.framework */,
				3AB4DB24231B0D3C0090D6BF /* AVKit.framework */,
				3AB4DB1C231B0D3B0090D6BF /* CFNetwork.framework */,
				3AB4DB21231B0D3C0090D6BF /* CoreAudio.framework */,
				3AB4DB1B231B0D3B0090D6BF /* CoreAudioKit.framework */,
				3AB4DB1E231B0D3B0090D6BF /* CoreBluetooth.framework */,
				3AB4DB22231B0D3C0090D6BF /* CoreFoundation.framework */,
				3AB4DB23231B0D3C0090D6BF /* Foundation.framework */,
				3AB4DB25231B0D3C0090D6BF /* UIKit.framework */,
			);
			name = Frameworks;
			sourceTree = "<group>";
		};
/* End PBXGroup section */

/* Begin PBXNativeTarget section */
		3AB4DAFE231B066D0090D6BF /* frames sandbox */ = {
			isa = PBXNativeTarget;
			buildConfigurationList = 3AB4DB15231B066E0090D6BF /* Build configuration list for PBXNativeTarget "frames sandbox" */;
			buildPhases = (
				3AB4DAFB231B066D0090D6BF /* Sources */,
				3AB4DAFC231B066D0090D6BF /* Frameworks */,
				3AB4DAFD231B066D0090D6BF /* Resources */,
			);
			buildRules = (
			);
			dependencies = (
			);
			name = "frames sandbox";
			productName = "frames sandbox";
			productReference = 3AB4DAFF231B066D0090D6BF /* frames sandbox.app */;
			productType = "com.apple.product-type.application";
		};
/* End PBXNativeTarget section */

/* Begin PBXProject section */
		3AB4DAF7231B066D0090D6BF /* Project object */ = {
			isa = PBXProject;
			attributes = {
				LastUpgradeCheck = 0930;
				ORGANIZATIONNAME = "Andrew Hill";
				TargetAttributes = {
					3AB4DAFE231B066D0090D6BF = {
						CreatedOnToolsVersion = 9.3.1;
					};
				};
			};
			buildConfigurationList = 3AB4DAFA231B066D0090D6BF /* Build configuration list for PBXProject "frames sandbox" */;
			compatibilityVersion = "Xcode 9.3";
			developmentRegion = en;
			hasScannedForEncodings = 0;
			knownRegions = (
				en,
				Base,
			);
			mainGroup = 3AB4DAF6231B066D0090D6BF;
			productRefGroup = 3AB4DB00231B066D0090D6BF /* Products */;
			projectDirPath = "";
			projectRoot = "";
			targets = (
				3AB4DAFE231B066D0090D6BF /* frames sandbox */,
			);
		};
/* End PBXProject section */

/* Begin PBXResourcesBuildPhase section */
		3AB4DAFD231B066D0090D6BF /* Resources */ = {
			isa = PBXResourcesBuildPhase;
			buildActionMask = 2147483647;
			files = (
				3AB4DB0F231B066E0090D6BF /* LaunchScreen.storyboard in Resources */,
				3AB4DB0C231B066E0090D6BF /* Assets.xcassets in Resources */,
				3AB4DB0A231B066D0090D6BF /* Main.storyboard in Resources */,
				3AB4DB3B231B1C1E0090D6BF /* sound.wav in Resources */,
			);
			runOnlyForDeploymentPostprocessing = 0;
		};
/* End PBXResourcesBuildPhase section */

/* Begin PBXSourcesBuildPhase section */
		3AB4DAFB231B066D0090D6BF /* Sources */ = {
			isa = PBXSourcesBuildPhase;
			buildActionMask = 2147483647;
			files = (
				3AB4DB07231B066D0090D6BF /* ViewController.m in Sources */,
				3AB4DB36231B0D830090D6BF /* MicTest.m in Sources */,
				3AB4DB12231B066E0090D6BF /* main.m in Sources */,
				3AB4DB39231B0D930090D6BF /* Test.m in Sources */,
				3AB4DB04231B066D0090D6BF /* AppDelegate.m in Sources */,
				3AB4DB33231B0D760090D6BF /* SoundTest.m in Sources */,
			);
			runOnlyForDeploymentPostprocessing = 0;
		};
/* End PBXSourcesBuildPhase section */

/* Begin PBXVariantGroup section */
		3AB4DB08231B066D0090D6BF /* Main.storyboard */ = {
			isa = PBXVariantGroup;
			children = (
				3AB4DB09231B066D0090D6BF /* Base */,
			);
			name = Main.storyboard;
			sourceTree = "<group>";
		};
		3AB4DB0D231B066E0090D6BF /* LaunchScreen.storyboard */ = {
			isa = PBXVariantGroup;
			children = (
				3AB4DB0E231B066E0090D6BF /* Base */,
			);
			name = LaunchScreen.storyboard;
			sourceTree = "<group>";
		};
/* End PBXVariantGroup section */

/* Begin XCBuildConfiguration section */
		3AB4DB13231B066E0090D6BF /* Debug */ = {
			isa = XCBuildConfiguration;
			buildSettings = {
				ALWAYS_SEARCH_USER_PATHS = NO;
				CLANG_ANALYZER_NONNULL = YES;
				CLANG_ANALYZER_NUMBER_OBJECT_CONVERSION = YES_AGGRESSIVE;
				CLANG_CXX_LANGUAGE_STANDARD = "gnu++14";
				CLANG_CXX_LIBRARY = "libc++";
				CLANG_ENABLE_MODULES = YES;
				CLANG_ENABLE_OBJC_ARC = YES;
				CLANG_ENABLE_OBJC_WEAK = YES;
				CLANG_WARN_BLOCK_CAPTURE_AUTORELEASING = YES;
				CLANG_WARN_BOOL_CONVERSION = YES;
				CLANG_WARN_COMMA = YES;
				CLANG_WARN_CONSTANT_CONVERSION = YES;
				CLANG_WARN_DEPRECATED_OBJC_IMPLEMENTATIONS = YES;
				CLANG_WARN_DIRECT_OBJC_ISA_USAGE = YES_ERROR;
				CLANG_WARN_DOCUMENTATION_COMMENTS = YES;
				CLANG_WARN_EMPTY_BODY = YES;
				CLANG_WARN_ENUM_CONVERSION = YES;
				CLANG_WARN_INFINITE_RECURSION = YES;
				CLANG_WARN_INT_CONVERSION = YES;
				CLANG_WARN_NON_LITERAL_NULL_CONVERSION = YES;
				CLANG_WARN_OBJC_IMPLICIT_RETAIN_SELF = YES;
				CLANG_WARN_OBJC_LITERAL_CONVERSION = YES;
				CLANG_WARN_OBJC_ROOT_CLASS = YES_ERROR;
				CLANG_WARN_RANGE_LOOP_ANALYSIS = YES;
				CLANG_WARN_STRICT_PROTOTYPES = YES;
				CLANG_WARN_SUSPICIOUS_MOVE = YES;
				CLANG_WARN_UNGUARDED_AVAILABILITY = YES_AGGRESSIVE;
				CLANG_WARN_UNREACHABLE_CODE = YES;
				CLANG_WARN__DUPLICATE_METHOD_MATCH = YES;
				CODE_SIGN_IDENTITY = "iPhone Developer";
				COPY_PHASE_STRIP = NO;
				DEBUG_INFORMATION_FORMAT = dwarf;
				ENABLE_STRICT_OBJC_MSGSEND = YES;
				ENABLE_TESTABILITY = YES;
				GCC_C_LANGUAGE_STANDARD = gnu11;
				GCC_DYNAMIC_NO_PIC = NO;
				GCC_NO_COMMON_BLOCKS = YES;
				GCC_OPTIMIZATION_LEVEL = 0;
				GCC_PREPROCESSOR_DEFINITIONS = (
					"DEBUG=1",
					"$(inherited)",
				);
				GCC_WARN_64_TO_32_BIT_CONVERSION = YES;
				GCC_WARN_ABOUT_RETURN_TYPE = YES_ERROR;
				GCC_WARN_UNDECLARED_SELECTOR = YES;
				GCC_WARN_UNINITIALIZED_AUTOS = YES_AGGRESSIVE;
				GCC_WARN_UNUSED_FUNCTION = YES;
				GCC_WARN_UNUSED_VARIABLE = YES;
				IPHONEOS_DEPLOYMENT_TARGET = 11.3;
				MTL_ENABLE_DEBUG_INFO = YES;
				ONLY_ACTIVE_ARCH = YES;
				SDKROOT = iphoneos;
			};
			name = Debug;
		};
		3AB4DB14231B066E0090D6BF /* Release */ = {
			isa = XCBuildConfiguration;
			buildSettings = {
				ALWAYS_SEARCH_USER_PATHS = NO;
				CLANG_ANALYZER_NONNULL = YES;
				CLANG_ANALYZER_NUMBER_OBJECT_CONVERSION = YES_AGGRESSIVE;
				CLANG_CXX_LANGUAGE_STANDARD = "gnu++14";
				CLANG_CXX_LIBRARY = "libc++";
				CLANG_ENABLE_MODULES = YES;
				CLANG_ENABLE_OBJC_ARC = YES;
				CLANG_ENABLE_OBJC_WEAK = YES;
				CLANG_WARN_BLOCK_CAPTURE_AUTORELEASING = YES;
				CLANG_WARN_BOOL_CONVERSION = YES;
				CLANG_WARN_COMMA = YES;
				CLANG_WARN_CONSTANT_CONVERSION = YES;
				CLANG_WARN_DEPRECATED_OBJC_IMPLEMENTATIONS = YES;
				CLANG_WARN_DIRECT_OBJC_ISA_USAGE = YES_ERROR;
				CLANG_WARN_DOCUMENTATION_COMMENTS = YES;
				CLANG_WARN_EMPTY_BODY = YES;
				CLANG_WARN_ENUM_CONVERSION = YES;
				CLANG_WARN_INFINITE_RECURSION = YES;
				CLANG_WARN_INT_CONVERSION = YES;
				CLANG_WARN_NON_LITERAL_NULL_CONVERSION = YES;
				CLANG_WARN_OBJC_IMPLICIT_RETAIN_SELF = YES;
				CLANG_WARN_OBJC_LITERAL_CONVERSION = YES;
				CLANG_WARN_OBJC_ROOT_CLASS = YES_ERROR;
				CLANG_WARN_RANGE_LOOP_ANALYSIS = YES;
				CLANG_WARN_STRICT_PROTOTYPES = YES;
				CLANG_WARN_SUSPICIOUS_MOVE = YES;
				CLANG_WARN_UNGUARDED_AVAILABILITY = YES_AGGRESSIVE;
				CLANG_WARN_UNREACHABLE_CODE = YES;
				CLANG_WARN__DUPLICATE_METHOD_MATCH = YES;
				CODE_SIGN_IDENTITY = "iPhone Developer";
				COPY_PHASE_STRIP = NO;
				DEBUG_INFORMATION_FORMAT = "dwarf-with-dsym";
				ENABLE_NS_ASSERTIONS = NO;
				ENABLE_STRICT_OBJC_MSGSEND = YES;
				GCC_C_LANGUAGE_STANDARD = gnu11;
				GCC_NO_COMMON_BLOCKS = YES;
				GCC_WARN_64_TO_32_BIT_CONVERSION = YES;
				GCC_WARN_ABOUT_RETURN_TYPE = YES_ERROR;
				GCC_WARN_UNDECLARED_SELECTOR = YES;
				GCC_WARN_UNINITIALIZED_AUTOS = YES_AGGRESSIVE;
				GCC_WARN_UNUSED_FUNCTION = YES;
				GCC_WARN_UNUSED_VARIABLE = YES;
				IPHONEOS_DEPLOYMENT_TARGET = 11.3;
				MTL_ENABLE_DEBUG_INFO = NO;
				SDKROOT = iphoneos;
				VALIDATE_PRODUCT = YES;
			};
			name = Release;
		};
		3AB4DB16231B066E0090D6BF /* Debug */ = {
			isa = XCBuildConfiguration;
			buildSettings = {
				ASSETCATALOG_COMPILER_APPICON_NAME = AppIcon;
				CODE_SIGN_STYLE = Automatic;
				DEVELOPMENT_TEAM = 43MVGJ263M;
				INFOPLIST_FILE = "frames sandbox/Info.plist";
				LD_RUNPATH_SEARCH_PATHS = (
					"$(inherited)",
					"@executable_path/Frameworks",
				);
				PRODUCT_BUNDLE_IDENTIFIER = "com.thought.engine.frames-sandbox";
				PRODUCT_NAME = "$(TARGET_NAME)";
				TARGETED_DEVICE_FAMILY = "1,2";
			};
			name = Debug;
		};
		3AB4DB17231B066E0090D6BF /* Release */ = {
			isa = XCBuildConfiguration;
			buildSettings = {
				ASSETCATALOG_COMPILER_APPICON_NAME = AppIcon;
				CODE_SIGN_STYLE = Automatic;
				DEVELOPMENT_TEAM = 43MVGJ263M;
				INFOPLIST_FILE = "frames sandbox/Info.plist";
				LD_RUNPATH_SEARCH_PATHS = (
					"$(inherited)",
					"@executable_path/Frameworks",
				);
				PRODUCT_BUNDLE_IDENTIFIER = "com.thought.engine.frames-sandbox";
				PRODUCT_NAME = "$(TARGET_NAME)";
				TARGETED_DEVICE_FAMILY = "1,2";
			};
			name = Release;
		};
/* End XCBuildConfiguration section */

/* Begin XCConfigurationList section */
		3AB4DAFA231B066D0090D6BF /* Build configuration list for PBXProject "frames sandbox" */ = {
			isa = XCConfigurationList;
			buildConfigurations = (
				3AB4DB13231B066E0090D6BF /* Debug */,
				3AB4DB14231B066E0090D6BF /* Release */,
			);
			defaultConfigurationIsVisible = 0;
			defaultConfigurationName = Release;
		};
		3AB4DB15231B066E0090D6BF /* Build configuration list for PBXNativeTarget "frames sandbox" */ = {
			isa = XCConfigurationList;
			buildConfigurations = (
				3AB4DB16231B066E0090D6BF /* Debug */,
				3AB4DB17231B066E0090D6BF /* Release */,
			);
			defaultConfigurationIsVisible = 0;
			defaultConfigurationName = Release;
		};
/* End XCConfigurationList section */
	};
	rootObject = 3AB4DAF7231B066D0090D6BF /* Project object */;
}
